// !$*UTF8*$!
{
	archiveVersion = 1;
	classes = {
	};
	objectVersion = 54;
	objects = {

/* Begin PBXBuildFile section */
		09F547688A60FD849E66E7B2 /* CompanionLockWidget.swift in Sources */ = {isa = PBXBuildFile; fileRef = 243542F984F39B1ECF738177 /* CompanionLockWidget.swift */; };
		1ADFAF68FCD07730D33B41AE /* IslandRunThenHurtView.swift in Sources */ = {isa = PBXBuildFile; fileRef = DAE786A3DB79F438BEB1EC15 /* IslandRunThenHurtView.swift */; };
		1EB7383B3DBE20BCEDA8ECE1 /* IslandRunThenHurtView.swift in Sources */ = {isa = PBXBuildFile; fileRef = DAE786A3DB79F438BEB1EC15 /* IslandRunThenHurtView.swift */; };
		21E4AF71B72A2ACD1A808A4F /* IslandTiming.swift in Sources */ = {isa = PBXBuildFile; fileRef = 17A410B95BD7D2872DD23794 /* IslandTiming.swift */; };
		2BE47342CA97C7E555303A03 /* CompanionAPI.swift in Sources */ = {isa = PBXBuildFile; fileRef = 173F52F49C086BA7B9FDC45A /* CompanionAPI.swift */; };
		379643207B061C8C6FF138E6 /* CompanionHomeWidget.swift in Sources */ = {isa = PBXBuildFile; fileRef = 3340FF1E2CA46E2D130F7020 /* CompanionHomeWidget.swift */; };
		4039163C5AF6E8EAA079A9F5 /* CompanionLiveActivity.swift in Sources */ = {isa = PBXBuildFile; fileRef = 6F2D5F5264E21FE47AA20927 /* CompanionLiveActivity.swift */; };
		4BB402B41CF832B16D146E6E /* Assets.xcassets in Resources */ = {isa = PBXBuildFile; fileRef = C985A5D6D0105EEB3FA25050 /* Assets.xcassets */; };
		66CAE6F6B019BB4A4BEBA271 /* Media.xcassets in Resources */ = {isa = PBXBuildFile; fileRef = 82260B8B36C1ED13C30AEC0E /* Media.xcassets */; };
		6BE37A3921E39E13338A9226 /* CompanionAttributes.swift in Sources */ = {isa = PBXBuildFile; fileRef = C26659721CBB93707D9405A5 /* CompanionAttributes.swift */; };
		72079713819D271AFECBA81B /* IslandTiming.swift in Sources */ = {isa = PBXBuildFile; fileRef = 17A410B95BD7D2872DD23794 /* IslandTiming.swift */; };
		784B08E50ACA02C0E8198537 /* LiveActivityController.swift in Sources */ = {isa = PBXBuildFile; fileRef = EAAC0408B3D8291A536944E7 /* LiveActivityController.swift */; };
		9406CC9914B4F1A767A9AC0C /* WidgetBackground.swift in Sources */ = {isa = PBXBuildFile; fileRef = F206030817C7B46CE37E9337 /* WidgetBackground.swift */; };
		9ED83EAFBE60409927030C76 /* CompanionWidgetBundle.swift in Sources */ = {isa = PBXBuildFile; fileRef = 0BEDCE0A9F04EC93E2FFC830 /* CompanionWidgetBundle.swift */; };
		A5EF0E710C501AEF59916F76 /* CompanionSnapshot.swift in Sources */ = {isa = PBXBuildFile; fileRef = 6CB17288E6DF34E3A51BCBB1 /* CompanionSnapshot.swift */; };
		A7F7E4CB070954C8E7346FD8 /* CompanionWidget.appex in Embed Foundation Extensions */ = {isa = PBXBuildFile; fileRef = 5C1076E3827ECBDED528FA88 /* CompanionWidget.appex */; settings = {ATTRIBUTES = (RemoveHeadersOnCopy, ); }; };
		B5632C441883C95D181B30DC /* Media.xcassets in Resources */ = {isa = PBXBuildFile; fileRef = 82260B8B36C1ED13C30AEC0E /* Media.xcassets */; };
		BABD89CBE907D570CD63B75B /* CompanionSnapshot.swift in Sources */ = {isa = PBXBuildFile; fileRef = 6CB17288E6DF34E3A51BCBB1 /* CompanionSnapshot.swift */; };
		D26EE71D93F9633D2B0AC440 /* CompanionAttributes.swift in Sources */ = {isa = PBXBuildFile; fileRef = C26659721CBB93707D9405A5 /* CompanionAttributes.swift */; };
		D5F8003691C60099394679FC /* ContentView.swift in Sources */ = {isa = PBXBuildFile; fileRef = CB4DA8B5597B5705E8BDA49E /* ContentView.swift */; };
		EEEE6BA1CBA97EC7A99AFCB6 /* CompanionApp.swift in Sources */ = {isa = PBXBuildFile; fileRef = C7BF1521C40F90DAD5B4A6E0 /* CompanionApp.swift */; };
/* End PBXBuildFile section */

/* Begin PBXContainerItemProxy section */
		FB1F4E6CC8434EF7557BEE06 /* PBXContainerItemProxy */ = {
			isa = PBXContainerItemProxy;
			containerPortal = 471B0F5D38B4E17D5773CE77 /* Project object */;
			proxyType = 1;
			remoteGlobalIDString = 2A74319E7D102934E7C1F82E;
			remoteInfo = CompanionWidget;
		};
/* End PBXContainerItemProxy section */

/* Begin PBXCopyFilesBuildPhase section */
		76AA01F4483CEE798F019D27 /* Embed Foundation Extensions */ = {
			isa = PBXCopyFilesBuildPhase;
			buildActionMask = 2147483647;
			dstPath = "";
			dstSubfolderSpec = 13;
			files = (
				A7F7E4CB070954C8E7346FD8 /* CompanionWidget.appex in Embed Foundation Extensions */,
			);
			name = "Embed Foundation Extensions";
			runOnlyForDeploymentPostprocessing = 0;
		};
/* End PBXCopyFilesBuildPhase section */

/* Begin PBXFileReference section */
		07346A7ACE7FC8753F7FAE68 /* Companion.app */ = {isa = PBXFileReference; includeInIndex = 0; lastKnownFileType = wrapper.application; path = Companion.app; sourceTree = BUILT_PRODUCTS_DIR; };
		0BEDCE0A9F04EC93E2FFC830 /* CompanionWidgetBundle.swift */ = {isa = PBXFileReference; lastKnownFileType = sourcecode.swift; path = CompanionWidgetBundle.swift; sourceTree = "<group>"; };
		173F52F49C086BA7B9FDC45A /* CompanionAPI.swift */ = {isa = PBXFileReference; lastKnownFileType = sourcecode.swift; path = CompanionAPI.swift; sourceTree = "<group>"; };
		17A410B95BD7D2872DD23794 /* IslandTiming.swift */ = {isa = PBXFileReference; lastKnownFileType = sourcecode.swift; path = IslandTiming.swift; sourceTree = "<group>"; };
		243542F984F39B1ECF738177 /* CompanionLockWidget.swift */ = {isa = PBXFileReference; lastKnownFileType = sourcecode.swift; path = CompanionLockWidget.swift; sourceTree = "<group>"; };
		3340FF1E2CA46E2D130F7020 /* CompanionHomeWidget.swift */ = {isa = PBXFileReference; lastKnownFileType = sourcecode.swift; path = CompanionHomeWidget.swift; sourceTree = "<group>"; };
		4C12BC1E89362156DA98E900 /* Companion.entitlements */ = {isa = PBXFileReference; lastKnownFileType = text.plist.entitlements; path = Companion.entitlements; sourceTree = "<group>"; };
		5C1076E3827ECBDED528FA88 /* CompanionWidget.appex */ = {isa = PBXFileReference; includeInIndex = 0; lastKnownFileType = "wrapper.app-extension"; path = CompanionWidget.appex; sourceTree = BUILT_PRODUCTS_DIR; };
		65298F122E53A6CD347ED9EF /* CompanionWidget.entitlements */ = {isa = PBXFileReference; lastKnownFileType = text.plist.entitlements; path = CompanionWidget.entitlements; sourceTree = "<group>"; };
		6CB17288E6DF34E3A51BCBB1 /* CompanionSnapshot.swift */ = {isa = PBXFileReference; lastKnownFileType = sourcecode.swift; path = CompanionSnapshot.swift; sourceTree = "<group>"; };
		6F2D5F5264E21FE47AA20927 /* CompanionLiveActivity.swift */ = {isa = PBXFileReference; lastKnownFileType = sourcecode.swift; path = CompanionLiveActivity.swift; sourceTree = "<group>"; };
		82260B8B36C1ED13C30AEC0E /* Media.xcassets */ = {isa = PBXFileReference; lastKnownFileType = folder.assetcatalog; path = Media.xcassets; sourceTree = "<group>"; };
		8A5298218ECF0CB918CC4167 /* Info.plist */ = {isa = PBXFileReference; lastKnownFileType = text.plist; path = Info.plist; sourceTree = "<group>"; };
		AD33A6560E4E7F0CB8F45F90 /* Info.plist */ = {isa = PBXFileReference; lastKnownFileType = text.plist; path = Info.plist; sourceTree = "<group>"; };
		C26659721CBB93707D9405A5 /* CompanionAttributes.swift */ = {isa = PBXFileReference; lastKnownFileType = sourcecode.swift; path = CompanionAttributes.swift; sourceTree = "<group>"; };
		C7BF1521C40F90DAD5B4A6E0 /* CompanionApp.swift */ = {isa = PBXFileReference; lastKnownFileType = sourcecode.swift; path = CompanionApp.swift; sourceTree = "<group>"; };
		C985A5D6D0105EEB3FA25050 /* Assets.xcassets */ = {isa = PBXFileReference; lastKnownFileType = folder.assetcatalog; path = Assets.xcassets; sourceTree = "<group>"; };
		CB4DA8B5597B5705E8BDA49E /* ContentView.swift */ = {isa = PBXFileReference; lastKnownFileType = sourcecode.swift; path = ContentView.swift; sourceTree = "<group>"; };
		DAE786A3DB79F438BEB1EC15 /* IslandRunThenHurtView.swift */ = {isa = PBXFileReference; lastKnownFileType = sourcecode.swift; path = IslandRunThenHurtView.swift; sourceTree = "<group>"; };
		EAAC0408B3D8291A536944E7 /* LiveActivityController.swift */ = {isa = PBXFileReference; lastKnownFileType = sourcecode.swift; path = LiveActivityController.swift; sourceTree = "<group>"; };
		F206030817C7B46CE37E9337 /* WidgetBackground.swift */ = {isa = PBXFileReference; lastKnownFileType = sourcecode.swift; path = WidgetBackground.swift; sourceTree = "<group>"; };
/* End PBXFileReference section */

/* Begin PBXGroup section */
		18FD4ABC5472AD0ACFF157A7 /* API */ = {
			isa = PBXGroup;
			children = (
				173F52F49C086BA7B9FDC45A /* CompanionAPI.swift */,
			);
			path = API;
			sourceTree = "<group>";
		};
		1E3AA8A0A595C7E618019434 = {
			isa = PBXGroup;
			children = (
				5DB1DD43CE12A2BF3D0FB009 /* Companion */,
				BF375E6EFE95BBB5FBA19813 /* CompanionWidget */,
				FA5B44591FA0C33F8CD72030 /* Shared */,
				BE542E0A35B0108013933350 /* Products */,
			);
			sourceTree = "<group>";
		};
		5DB1DD43CE12A2BF3D0FB009 /* Companion */ = {
			isa = PBXGroup;
			children = (
				18FD4ABC5472AD0ACFF157A7 /* API */,
				92F77C26BECECE14A811C89F /* LiveActivity */,
				C985A5D6D0105EEB3FA25050 /* Assets.xcassets */,
				4C12BC1E89362156DA98E900 /* Companion.entitlements */,
				C7BF1521C40F90DAD5B4A6E0 /* CompanionApp.swift */,
				CB4DA8B5597B5705E8BDA49E /* ContentView.swift */,
				8A5298218ECF0CB918CC4167 /* Info.plist */,
			);
			path = Companion;
			sourceTree = "<group>";
		};
		92F77C26BECECE14A811C89F /* LiveActivity */ = {
			isa = PBXGroup;
			children = (
				EAAC0408B3D8291A536944E7 /* LiveActivityController.swift */,
			);
			path = LiveActivity;
			sourceTree = "<group>";
		};
		BE542E0A35B0108013933350 /* Products */ = {
			isa = PBXGroup;
			children = (
				07346A7ACE7FC8753F7FAE68 /* Companion.app */,
				5C1076E3827ECBDED528FA88 /* CompanionWidget.appex */,
			);
			name = Products;
			sourceTree = "<group>";
		};
		BF375E6EFE95BBB5FBA19813 /* CompanionWidget */ = {
			isa = PBXGroup;
			children = (
				3340FF1E2CA46E2D130F7020 /* CompanionHomeWidget.swift */,
				6F2D5F5264E21FE47AA20927 /* CompanionLiveActivity.swift */,
				243542F984F39B1ECF738177 /* CompanionLockWidget.swift */,
				65298F122E53A6CD347ED9EF /* CompanionWidget.entitlements */,
				0BEDCE0A9F04EC93E2FFC830 /* CompanionWidgetBundle.swift */,
				AD33A6560E4E7F0CB8F45F90 /* Info.plist */,
				F206030817C7B46CE37E9337 /* WidgetBackground.swift */,
			);
			path = CompanionWidget;
			sourceTree = "<group>";
		};
		FA5B44591FA0C33F8CD72030 /* Shared */ = {
			isa = PBXGroup;
			children = (
				C26659721CBB93707D9405A5 /* CompanionAttributes.swift */,
				6CB17288E6DF34E3A51BCBB1 /* CompanionSnapshot.swift */,
				DAE786A3DB79F438BEB1EC15 /* IslandRunThenHurtView.swift */,
				17A410B95BD7D2872DD23794 /* IslandTiming.swift */,
				82260B8B36C1ED13C30AEC0E /* Media.xcassets */,
			);
			path = Shared;
			sourceTree = "<group>";
		};
/* End PBXGroup section */

/* Begin PBXNativeTarget section */
		2A74319E7D102934E7C1F82E /* CompanionWidget */ = {
			isa = PBXNativeTarget;
			buildConfigurationList = C8FE8F23E9C5379A3619E8F7 /* Build configuration list for PBXNativeTarget "CompanionWidget" */;
			buildPhases = (
				F3E896EBA97D37238E9C39A3 /* Sources */,
				0600E0D663D0ACE666FEB065 /* Resources */,
			);
			buildRules = (
			);
			dependencies = (
			);
			name = CompanionWidget;
			productName = CompanionWidget;
			productReference = 5C1076E3827ECBDED528FA88 /* CompanionWidget.appex */;
			productType = "com.apple.product-type.app-extension";
		};
		DF202A886407DBB0ED95ED4F /* Companion */ = {
			isa = PBXNativeTarget;
			buildConfigurationList = B75189EE5DFCECB06C1BE8B6 /* Build configuration list for PBXNativeTarget "Companion" */;
			buildPhases = (
				43EC1AA347400E6DB37A0B0D /* Sources */,
				B3FD6FE322083DA243446A7D /* Resources */,
				76AA01F4483CEE798F019D27 /* Embed Foundation Extensions */,
			);
			buildRules = (
			);
			dependencies = (
				58128E9E9392DB74F3E7555D /* PBXTargetDependency */,
			);
			name = Companion;
			productName = Companion;
			productReference = 07346A7ACE7FC8753F7FAE68 /* Companion.app */;
			productType = "com.apple.product-type.application";
		};
/* End PBXNativeTarget section */

/* Begin PBXProject section */
		471B0F5D38B4E17D5773CE77 /* Project object */ = {
			isa = PBXProject;
			attributes = {
				BuildIndependentTargetsInParallel = YES;
				LastUpgradeCheck = 1430;
				TargetAttributes = {
					2A74319E7D102934E7C1F82E = {
						DevelopmentTeam = "";
						ProvisioningStyle = Automatic;
					};
					DF202A886407DBB0ED95ED4F = {
						DevelopmentTeam = "";
						ProvisioningStyle = Automatic;
					};
				};
			};
			buildConfigurationList = 7BA52C79853BFD602AF370AE /* Build configuration list for PBXProject "Companion" */;
			compatibilityVersion = "Xcode 14.0";
			developmentRegion = en;
			hasScannedForEncodings = 0;
			knownRegions = (
				Base,
				en,
			);
			mainGroup = 1E3AA8A0A595C7E618019434;
			projectDirPath = "";
			projectRoot = "";
			targets = (
				DF202A886407DBB0ED95ED4F /* Companion */,
				2A74319E7D102934E7C1F82E /* CompanionWidget */,
			);
		};
/* End PBXProject section */

/* Begin PBXResourcesBuildPhase section */
		0600E0D663D0ACE666FEB065 /* Resources */ = {
			isa = PBXResourcesBuildPhase;
			buildActionMask = 2147483647;
			files = (
				B5632C441883C95D181B30DC /* Media.xcassets in Resources */,
			);
			runOnlyForDeploymentPostprocessing = 0;
		};
		B3FD6FE322083DA243446A7D /* Resources */ = {
			isa = PBXResourcesBuildPhase;
			buildActionMask = 2147483647;
			files = (
				4BB402B41CF832B16D146E6E /* Assets.xcassets in Resources */,
				66CAE6F6B019BB4A4BEBA271 /* Media.xcassets in Resources */,
			);
			runOnlyForDeploymentPostprocessing = 0;
		};
/* End PBXResourcesBuildPhase section */

/* Begin PBXSourcesBuildPhase section */
		43EC1AA347400E6DB37A0B0D /* Sources */ = {
			isa = PBXSourcesBuildPhase;
			buildActionMask = 2147483647;
			files = (
				2BE47342CA97C7E555303A03 /* CompanionAPI.swift in Sources */,
				EEEE6BA1CBA97EC7A99AFCB6 /* CompanionApp.swift in Sources */,
				6BE37A3921E39E13338A9226 /* CompanionAttributes.swift in Sources */,
				BABD89CBE907D570CD63B75B /* CompanionSnapshot.swift in Sources */,
				D5F8003691C60099394679FC /* ContentView.swift in Sources */,
				1ADFAF68FCD07730D33B41AE /* IslandRunThenHurtView.swift in Sources */,
				72079713819D271AFECBA81B /* IslandTiming.swift in Sources */,
				784B08E50ACA02C0E8198537 /* LiveActivityController.swift in Sources */,
			);
			runOnlyForDeploymentPostprocessing = 0;
		};
		F3E896EBA97D37238E9C39A3 /* Sources */ = {
			isa = PBXSourcesBuildPhase;
			buildActionMask = 2147483647;
			files = (
				D26EE71D93F9633D2B0AC440 /* CompanionAttributes.swift in Sources */,
				379643207B061C8C6FF138E6 /* CompanionHomeWidget.swift in Sources */,
				4039163C5AF6E8EAA079A9F5 /* CompanionLiveActivity.swift in Sources */,
				09F547688A60FD849E66E7B2 /* CompanionLockWidget.swift in Sources */,
				A5EF0E710C501AEF59916F76 /* CompanionSnapshot.swift in Sources */,
				9ED83EAFBE60409927030C76 /* CompanionWidgetBundle.swift in Sources */,
				1EB7383B3DBE20BCEDA8ECE1 /* IslandRunThenHurtView.swift in Sources */,
				21E4AF71B72A2ACD1A808A4F /* IslandTiming.swift in Sources */,
				9406CC9914B4F1A767A9AC0C /* WidgetBackground.swift in Sources */,
			);
			runOnlyForDeploymentPostprocessing = 0;
		};
/* End PBXSourcesBuildPhase section */

/* Begin PBXTargetDependency section */
		58128E9E9392DB74F3E7555D /* PBXTargetDependency */ = {
			isa = PBXTargetDependency;
			target = 2A74319E7D102934E7C1F82E /* CompanionWidget */;
			targetProxy = FB1F4E6CC8434EF7557BEE06 /* PBXContainerItemProxy */;
		};
/* End PBXTargetDependency section */

/* Begin XCBuildConfiguration section */
		0B38D773D6814E36F24D1DB7 /* Debug */ = {
			isa = XCBuildConfiguration;
			buildSettings = {
				CODE_SIGN_ENTITLEMENTS = CompanionWidget/CompanionWidget.entitlements;
				CURRENT_PROJECT_VERSION = 1;
				GENERATE_INFOPLIST_FILE = NO;
				INFOPLIST_FILE = CompanionWidget/Info.plist;
				LD_RUNPATH_SEARCH_PATHS = (
					"$(inherited)",
					"@executable_path/Frameworks",
					"@executable_path/../../Frameworks",
				);
				MARKETING_VERSION = 1.0.0;
				PRODUCT_BUNDLE_IDENTIFIER = com.companion.tamagotchi.widget;
				PRODUCT_NAME = CompanionWidget;
				SDKROOT = iphoneos;
				SKIP_INSTALL = YES;
				TARGETED_DEVICE_FAMILY = "1,2";
			};
			name = Debug;
		};
		5FFD2BD5689AA32B6B145F30 /* Release */ = {
			isa = XCBuildConfiguration;
			buildSettings = {
				CODE_SIGN_ENTITLEMENTS = CompanionWidget/CompanionWidget.entitlements;
				CURRENT_PROJECT_VERSION = 1;
				GENERATE_INFOPLIST_FILE = NO;
				INFOPLIST_FILE = CompanionWidget/Info.plist;
				LD_RUNPATH_SEARCH_PATHS = (
					"$(inherited)",
					"@executable_path/Frameworks",
					"@executable_path/../../Frameworks",
				);
				MARKETING_VERSION = 1.0.0;
				PRODUCT_BUNDLE_IDENTIFIER = com.companion.tamagotchi.widget;
				PRODUCT_NAME = CompanionWidget;
				SDKROOT = iphoneos;
				SKIP_INSTALL = YES;
				TARGETED_DEVICE_FAMILY = "1,2";
			};
			name = Release;
		};
		657BF884D173C129356135B2 /* Debug */ = {
			isa = XCBuildConfiguration;
			buildSettings = {
				ASSETCATALOG_COMPILER_APPICON_NAME = AppIcon;
				CODE_SIGN_ENTITLEMENTS = Companion/Companion.entitlements;
				CODE_SIGN_IDENTITY = "iPhone Developer";
				CURRENT_PROJECT_VERSION = 1;
				GENERATE_INFOPLIST_FILE = NO;
				INFOPLIST_FILE = Companion/Info.plist;
				INFOPLIST_KEY_CFBundleDisplayName = Companion;
				LD_RUNPATH_SEARCH_PATHS = (
					"$(inherited)",
					"@executable_path/Frameworks",
				);
				MARKETING_VERSION = 1.0.0;
				PRODUCT_BUNDLE_IDENTIFIER = com.companion.tamagotchi;
				PRODUCT_NAME = Companion;
				SDKROOT = iphoneos;
				TARGETED_DEVICE_FAMILY = "1,2";
			};
			name = Debug;
		};
		6E544197712465F8B8B7B8A8 /* Release */ = {
			isa = XCBuildConfiguration;
			buildSettings = {
				ASSETCATALOG_COMPILER_APPICON_NAME = AppIcon;
				CODE_SIGN_ENTITLEMENTS = Companion/Companion.entitlements;
				CODE_SIGN_IDENTITY = "iPhone Developer";
				CURRENT_PROJECT_VERSION = 1;
				GENERATE_INFOPLIST_FILE = NO;
				INFOPLIST_FILE = Companion/Info.plist;
				INFOPLIST_KEY_CFBundleDisplayName = Companion;
				LD_RUNPATH_SEARCH_PATHS = (
					"$(inherited)",
					"@executable_path/Frameworks",
				);
				MARKETING_VERSION = 1.0.0;
				PRODUCT_BUNDLE_IDENTIFIER = com.companion.tamagotchi;
				PRODUCT_NAME = Companion;
				SDKROOT = iphoneos;
				TARGETED_DEVICE_FAMILY = "1,2";
			};
			name = Release;
		};
		A776C4557EF59C0C28DDF2F5 /* Release */ = {
			isa = XCBuildConfiguration;
			buildSettings = {
				ALWAYS_SEARCH_USER_PATHS = NO;
				CLANG_ANALYZER_NONNULL = YES;
				CLANG_ANALYZER_NUMBER_OBJECT_CONVERSION = YES_AGGRESSIVE;
				CLANG_CXX_LANGUAGE_STANDARD = "gnu++14";
				CLANG_CXX_LIBRARY = "libc++";
				CLANG_ENABLE_MODULES = YES;
				CLANG_ENABLE_OBJC_ARC = YES;
				CLANG_ENABLE_OBJC_WEAK = YES;
				CLANG_WARN_BLOCK_CAPTURE_AUTORELEASING = YES;
				CLANG_WARN_BOOL_CONVERSION = YES;
				CLANG_WARN_COMMA = YES;
				CLANG_WARN_CONSTANT_CONVERSION = YES;
				CLANG_WARN_DEPRECATED_OBJC_IMPLEMENTATIONS = YES;
				CLANG_WARN_DIRECT_OBJC_ISA_USAGE = YES_ERROR;
				CLANG_WARN_DOCUMENTATION_COMMENTS = YES;
				CLANG_WARN_EMPTY_BODY = YES;
				CLANG_WARN_ENUM_CONVERSION = YES;
				CLANG_WARN_INFINITE_RECURSION = YES;
				CLANG_WARN_INT_CONVERSION = YES;
				CLANG_WARN_NON_LITERAL_NULL_CONVERSION = YES;
				CLANG_WARN_OBJC_IMPLICIT_RETAIN_SELF = YES;
				CLANG_WARN_OBJC_LITERAL_CONVERSION = YES;
				CLANG_WARN_OBJC_ROOT_CLASS = YES_ERROR;
				CLANG_WARN_QUOTED_INCLUDE_IN_FRAMEWORK_HEADER = YES;
				CLANG_WARN_RANGE_LOOP_ANALYSIS = YES;
				CLANG_WARN_STRICT_PROTOTYPES = YES;
				CLANG_WARN_SUSPICIOUS_MOVE = YES;
				CLANG_WARN_UNGUARDED_AVAILABILITY = YES_AGGRESSIVE;
				CLANG_WARN_UNREACHABLE_CODE = YES;
				CLANG_WARN__DUPLICATE_METHOD_MATCH = YES;
				CODE_SIGN_STYLE = Automatic;
				COPY_PHASE_STRIP = NO;
				DEBUG_INFORMATION_FORMAT = "dwarf-with-dsym";
				DEVELOPMENT_TEAM = "";
				ENABLE_NS_ASSERTIONS = NO;
				ENABLE_STRICT_OBJC_MSGSEND = YES;
				GCC_C_LANGUAGE_STANDARD = gnu11;
				GCC_NO_COMMON_BLOCKS = YES;
				GCC_WARN_64_TO_32_BIT_CONVERSION = YES;
				GCC_WARN_ABOUT_RETURN_TYPE = YES_ERROR;
				GCC_WARN_UNDECLARED_SELECTOR = YES;
				GCC_WARN_UNINITIALIZED_AUTOS = YES_AGGRESSIVE;
				GCC_WARN_UNUSED_FUNCTION = YES;
				GCC_WARN_UNUSED_VARIABLE = YES;
				IPHONEOS_DEPLOYMENT_TARGET = 16.2;
				MTL_ENABLE_DEBUG_INFO = NO;
				MTL_FAST_MATH = YES;
				PRODUCT_NAME = "$(TARGET_NAME)";
				SDKROOT = iphoneos;
				SWIFT_COMPILATION_MODE = wholemodule;
				SWIFT_OPTIMIZATION_LEVEL = "-O";
				SWIFT_VERSION = 5.9;
				TARGETED_DEVICE_FAMILY = 1;
			};
			name = Release;
		};
		EBF8135B93F174CF8B9178DD /* Debug */ = {
			isa = XCBuildConfiguration;
			buildSettings = {
				ALWAYS_SEARCH_USER_PATHS = NO;
				CLANG_ANALYZER_NONNULL = YES;
				CLANG_ANALYZER_NUMBER_OBJECT_CONVERSION = YES_AGGRESSIVE;
				CLANG_CXX_LANGUAGE_STANDARD = "gnu++14";
				CLANG_CXX_LIBRARY = "libc++";
				CLANG_ENABLE_MODULES = YES;
				CLANG_ENABLE_OBJC_ARC = YES;
				CLANG_ENABLE_OBJC_WEAK = YES;
				CLANG_WARN_BLOCK_CAPTURE_AUTORELEASING = YES;
				CLANG_WARN_BOOL_CONVERSION = YES;
				CLANG_WARN_COMMA = YES;
				CLANG_WARN_CONSTANT_CONVERSION = YES;
				CLANG_WARN_DEPRECATED_OBJC_IMPLEMENTATIONS = YES;
				CLANG_WARN_DIRECT_OBJC_ISA_USAGE = YES_ERROR;
				CLANG_WARN_DOCUMENTATION_COMMENTS = YES;
				CLANG_WARN_EMPTY_BODY = YES;
				CLANG_WARN_ENUM_CONVERSION = YES;
				CLANG_WARN_INFINITE_RECURSION = YES;
				CLANG_WARN_INT_CONVERSION = YES;
				CLANG_WARN_NON_LITERAL_NULL_CONVERSION = YES;
				CLANG_WARN_OBJC_IMPLICIT_RETAIN_SELF = YES;
				CLANG_WARN_OBJC_LITERAL_CONVERSION = YES;
				CLANG_WARN_OBJC_ROOT_CLASS = YES_ERROR;
				CLANG_WARN_QUOTED_INCLUDE_IN_FRAMEWORK_HEADER = YES;
				CLANG_WARN_RANGE_LOOP_ANALYSIS = YES;
				CLANG_WARN_STRICT_PROTOTYPES = YES;
				CLANG_WARN_SUSPICIOUS_MOVE = YES;
				CLANG_WARN_UNGUARDED_AVAILABILITY = YES_AGGRESSIVE;
				CLANG_WARN_UNREACHABLE_CODE = YES;
				CLANG_WARN__DUPLICATE_METHOD_MATCH = YES;
				CODE_SIGN_STYLE = Automatic;
				COPY_PHASE_STRIP = NO;
				DEBUG_INFORMATION_FORMAT = dwarf;
				DEVELOPMENT_TEAM = "";
				ENABLE_STRICT_OBJC_MSGSEND = YES;
				ENABLE_TESTABILITY = YES;
				GCC_C_LANGUAGE_STANDARD = gnu11;
				GCC_DYNAMIC_NO_PIC = NO;
				GCC_NO_COMMON_BLOCKS = YES;
				GCC_OPTIMIZATION_LEVEL = 0;
				GCC_PREPROCESSOR_DEFINITIONS = (
					"$(inherited)",
					"DEBUG=1",
				);
				GCC_WARN_64_TO_32_BIT_CONVERSION = YES;
				GCC_WARN_ABOUT_RETURN_TYPE = YES_ERROR;
				GCC_WARN_UNDECLARED_SELECTOR = YES;
				GCC_WARN_UNINITIALIZED_AUTOS = YES_AGGRESSIVE;
				GCC_WARN_UNUSED_FUNCTION = YES;
				GCC_WARN_UNUSED_VARIABLE = YES;
				IPHONEOS_DEPLOYMENT_TARGET = 16.2;
				MTL_ENABLE_DEBUG_INFO = INCLUDE_SOURCE;
				MTL_FAST_MATH = YES;
				ONLY_ACTIVE_ARCH = YES;
				PRODUCT_NAME = "$(TARGET_NAME)";
				SDKROOT = iphoneos;
				SWIFT_ACTIVE_COMPILATION_CONDITIONS = DEBUG;
				SWIFT_OPTIMIZATION_LEVEL = "-Onone";
				SWIFT_VERSION = 5.9;
				TARGETED_DEVICE_FAMILY = 1;
			};
			name = Debug;
		};
/* End XCBuildConfiguration section */

/* Begin XCConfigurationList section */
		7BA52C79853BFD602AF370AE /* Build configuration list for PBXProject "Companion" */ = {
			isa = XCConfigurationList;
			buildConfigurations = (
				EBF8135B93F174CF8B9178DD /* Debug */,
				A776C4557EF59C0C28DDF2F5 /* Release */,
			);
			defaultConfigurationIsVisible = 0;
			defaultConfigurationName = Debug;
		};
		B75189EE5DFCECB06C1BE8B6 /* Build configuration list for PBXNativeTarget "Companion" */ = {
			isa = XCConfigurationList;
			buildConfigurations = (
				657BF884D173C129356135B2 /* Debug */,
				6E544197712465F8B8B7B8A8 /* Release */,
			);
			defaultConfigurationIsVisible = 0;
			defaultConfigurationName = Debug;
		};
		C8FE8F23E9C5379A3619E8F7 /* Build configuration list for PBXNativeTarget "CompanionWidget" */ = {
			isa = XCConfigurationList;
			buildConfigurations = (
				0B38D773D6814E36F24D1DB7 /* Debug */,
				5FFD2BD5689AA32B6B145F30 /* Release */,
			);
			defaultConfigurationIsVisible = 0;
			defaultConfigurationName = Debug;
		};
/* End XCConfigurationList section */
	};
	rootObject = 471B0F5D38B4E17D5773CE77 /* Project object */;
}
